// !$*UTF8*$!
{
	archiveVersion = 1;
	classes = {
	};
	objectVersion = 46;
	objects = {

/* Begin PBXBuildFile section */
		311BC5861F696843003D40FB /* AppDelegate.swift in Sources */ = {isa = PBXBuildFile; fileRef = 311BC5851F696843003D40FB /* AppDelegate.swift */; };
		311BC5881F696843003D40FB /* SignInVc.swift in Sources */ = {isa = PBXBuildFile; fileRef = 311BC5871F696843003D40FB /* SignInVc.swift */; };
		311BC58B1F696843003D40FB /* Main.storyboard in Resources */ = {isa = PBXBuildFile; fileRef = 311BC5891F696843003D40FB /* Main.storyboard */; };
		311BC58D1F696843003D40FB /* Assets.xcassets in Resources */ = {isa = PBXBuildFile; fileRef = 311BC58C1F696843003D40FB /* Assets.xcassets */; };
		311BC5901F696843003D40FB /* LaunchScreen.storyboard in Resources */ = {isa = PBXBuildFile; fileRef = 311BC58E1F696843003D40FB /* LaunchScreen.storyboard */; };
		311BC5981F696A67003D40FB /* GoogleService-Info.plist in Resources */ = {isa = PBXBuildFile; fileRef = 311BC5971F696A67003D40FB /* GoogleService-Info.plist */; };
		31698EAB1F69D43D00505A9E /* Constants.swift in Sources */ = {isa = PBXBuildFile; fileRef = 31698EAA1F69D43D00505A9E /* Constants.swift */; };
		31698EAD1F69E95200505A9E /* FeedVC.swift in Sources */ = {isa = PBXBuildFile; fileRef = 31698EAC1F69E95200505A9E /* FeedVC.swift */; };
		31698EAF1F69EF0A00505A9E /* postCell.swift in Sources */ = {isa = PBXBuildFile; fileRef = 31698EAE1F69EF0A00505A9E /* postCell.swift */; };
		5C3D9F378E4B1949C9FBB646 /* Pods_social.framework in Frameworks */ = {isa = PBXBuildFile; fileRef = B95EF5ED8A51FE8A398E2AC9 /* Pods_social.framework */; };
/* End PBXBuildFile section */

/* Begin PBXFileReference section */
		15E60078AE5AC8AAF39E7743 /* Pods-social.debug.xcconfig */ = {isa = PBXFileReference; includeInIndex = 1; lastKnownFileType = text.xcconfig; name = "Pods-social.debug.xcconfig"; path = "Pods/Target Support Files/Pods-social/Pods-social.debug.xcconfig"; sourceTree = "<group>"; };
		311BC5821F696843003D40FB /* social.app */ = {isa = PBXFileReference; explicitFileType = wrapper.application; includeInIndex = 0; path = social.app; sourceTree = BUILT_PRODUCTS_DIR; };
		311BC5851F696843003D40FB /* AppDelegate.swift */ = {isa = PBXFileReference; lastKnownFileType = sourcecode.swift; path = AppDelegate.swift; sourceTree = "<group>"; };
		311BC5871F696843003D40FB /* SignInVc.swift */ = {isa = PBXFileReference; lastKnownFileType = sourcecode.swift; path = SignInVc.swift; sourceTree = "<group>"; };
		311BC58A1F696843003D40FB /* Base */ = {isa = PBXFileReference; lastKnownFileType = file.storyboard; name = Base; path = Base.lproj/Main.storyboard; sourceTree = "<group>"; };
		311BC58C1F696843003D40FB /* Assets.xcassets */ = {isa = PBXFileReference; lastKnownFileType = folder.assetcatalog; path = Assets.xcassets; sourceTree = "<group>"; };
		311BC58F1F696843003D40FB /* Base */ = {isa = PBXFileReference; lastKnownFileType = file.storyboard; name = Base; path = Base.lproj/LaunchScreen.storyboard; sourceTree = "<group>"; };
		311BC5911F696843003D40FB /* Info.plist */ = {isa = PBXFileReference; lastKnownFileType = text.plist.xml; path = Info.plist; sourceTree = "<group>"; };
		311BC5971F696A67003D40FB /* GoogleService-Info.plist */ = {isa = PBXFileReference; fileEncoding = 4; lastKnownFileType = text.plist.xml; path = "GoogleService-Info.plist"; sourceTree = "<group>"; };
		312ED9CC1F69C77A00E70278 /* social.entitlements */ = {isa = PBXFileReference; lastKnownFileType = text.plist.entitlements; path = social.entitlements; sourceTree = "<group>"; };
		31698EAA1F69D43D00505A9E /* Constants.swift */ = {isa = PBXFileReference; fileEncoding = 4; lastKnownFileType = sourcecode.swift; path = Constants.swift; sourceTree = "<group>"; };
		31698EAC1F69E95200505A9E /* FeedVC.swift */ = {isa = PBXFileReference; fileEncoding = 4; lastKnownFileType = sourcecode.swift; path = FeedVC.swift; sourceTree = "<group>"; };
		31698EAE1F69EF0A00505A9E /* postCell.swift */ = {isa = PBXFileReference; fileEncoding = 4; lastKnownFileType = sourcecode.swift; path = postCell.swift; sourceTree = "<group>"; };
		B95EF5ED8A51FE8A398E2AC9 /* Pods_social.framework */ = {isa = PBXFileReference; explicitFileType = wrapper.framework; includeInIndex = 0; path = Pods_social.framework; sourceTree = BUILT_PRODUCTS_DIR; };
		E89323B44A96245C1A297EEA /* Pods-social.release.xcconfig */ = {isa = PBXFileReference; includeInIndex = 1; lastKnownFileType = text.xcconfig; name = "Pods-social.release.xcconfig"; path = "Pods/Target Support Files/Pods-social/Pods-social.release.xcconfig"; sourceTree = "<group>"; };
/* End PBXFileReference section */

/* Begin PBXFrameworksBuildPhase section */
		311BC57F1F696843003D40FB /* Frameworks */ = {
			isa = PBXFrameworksBuildPhase;
			buildActionMask = 2147483647;
			files = (
				5C3D9F378E4B1949C9FBB646 /* Pods_social.framework in Frameworks */,
			);
			runOnlyForDeploymentPostprocessing = 0;
		};
/* End PBXFrameworksBuildPhase section */

/* Begin PBXGroup section */
		311BC5791F696843003D40FB = {
			isa = PBXGroup;
			children = (
				311BC5841F696843003D40FB /* social */,
				311BC5831F696843003D40FB /* Products */,
				DF7D1427FA76DEE3EA272BEC /* Pods */,
				D0276F5A3415E968A4459CA9 /* Frameworks */,
			);
			sourceTree = "<group>";
		};
		311BC5831F696843003D40FB /* Products */ = {
			isa = PBXGroup;
			children = (
				311BC5821F696843003D40FB /* social.app */,
			);
			name = Products;
			sourceTree = "<group>";
		};
		311BC5841F696843003D40FB /* social */ = {
			isa = PBXGroup;
			children = (
				31698EA91F69D42600505A9E /* Utilities */,
				312ED9CC1F69C77A00E70278 /* social.entitlements */,
				311BC5991F696BA5003D40FB /* Model */,
				311BC59A1F696BAD003D40FB /* View */,
				311BC59B1F696BCB003D40FB /* Controller */,
				311BC5851F696843003D40FB /* AppDelegate.swift */,
				311BC5891F696843003D40FB /* Main.storyboard */,
				311BC58C1F696843003D40FB /* Assets.xcassets */,
				311BC58E1F696843003D40FB /* LaunchScreen.storyboard */,
				311BC5911F696843003D40FB /* Info.plist */,
				311BC5971F696A67003D40FB /* GoogleService-Info.plist */,
			);
			path = social;
			sourceTree = "<group>";
		};
		311BC5991F696BA5003D40FB /* Model */ = {
			isa = PBXGroup;
			children = (
			);
			name = Model;
			sourceTree = "<group>";
		};
		311BC59A1F696BAD003D40FB /* View */ = {
			isa = PBXGroup;
			children = (
				31698EAE1F69EF0A00505A9E /* postCell.swift */,
			);
			name = View;
			sourceTree = "<group>";
		};
		311BC59B1F696BCB003D40FB /* Controller */ = {
			isa = PBXGroup;
			children = (
				311BC5871F696843003D40FB /* SignInVc.swift */,
				31698EAC1F69E95200505A9E /* FeedVC.swift */,
			);
			name = Controller;
			sourceTree = "<group>";
		};
		31698EA91F69D42600505A9E /* Utilities */ = {
			isa = PBXGroup;
			children = (
				31698EAA1F69D43D00505A9E /* Constants.swift */,
			);
			name = Utilities;
			sourceTree = "<group>";
		};
		D0276F5A3415E968A4459CA9 /* Frameworks */ = {
			isa = PBXGroup;
			children = (
				B95EF5ED8A51FE8A398E2AC9 /* Pods_social.framework */,
			);
			name = Frameworks;
			sourceTree = "<group>";
		};
		DF7D1427FA76DEE3EA272BEC /* Pods */ = {
			isa = PBXGroup;
			children = (
				15E60078AE5AC8AAF39E7743 /* Pods-social.debug.xcconfig */,
				E89323B44A96245C1A297EEA /* Pods-social.release.xcconfig */,
			);
			name = Pods;
			sourceTree = "<group>";
		};
/* End PBXGroup section */

/* Begin PBXNativeTarget section */
		311BC5811F696843003D40FB /* social */ = {
			isa = PBXNativeTarget;
			buildConfigurationList = 311BC5941F696843003D40FB /* Build configuration list for PBXNativeTarget "social" */;
			buildPhases = (
				8BEDB50ACF7562ADE1C4EFFF /* [CP] Check Pods Manifest.lock */,
				311BC57E1F696843003D40FB /* Sources */,
				311BC57F1F696843003D40FB /* Frameworks */,
				311BC5801F696843003D40FB /* Resources */,
				4B6217FDD7A6EE3F9DD767C6 /* [CP] Embed Pods Frameworks */,
				AE9892D7F39B71A5ADD1918B /* [CP] Copy Pods Resources */,
			);
			buildRules = (
			);
			dependencies = (
			);
			name = social;
			productName = social;
			productReference = 311BC5821F696843003D40FB /* social.app */;
			productType = "com.apple.product-type.application";
		};
/* End PBXNativeTarget section */

/* Begin PBXProject section */
		311BC57A1F696843003D40FB /* Project object */ = {
			isa = PBXProject;
			attributes = {
				LastSwiftUpdateCheck = 0830;
				LastUpgradeCheck = 0830;
				ORGANIZATIONNAME = "chetan rajagiri";
				TargetAttributes = {
					311BC5811F696843003D40FB = {
						CreatedOnToolsVersion = 8.3.3;
						DevelopmentTeam = UKYWR4SYJL;
						ProvisioningStyle = Automatic;
						SystemCapabilities = {
							com.apple.Keychain = {
								enabled = 1;
							};
						};
					};
				};
			};
			buildConfigurationList = 311BC57D1F696843003D40FB /* Build configuration list for PBXProject "social" */;
			compatibilityVersion = "Xcode 3.2";
			developmentRegion = English;
			hasScannedForEncodings = 0;
			knownRegions = (
				en,
				Base,
			);
			mainGroup = 311BC5791F696843003D40FB;
			productRefGroup = 311BC5831F696843003D40FB /* Products */;
			projectDirPath = "";
			projectRoot = "";
			targets = (
				311BC5811F696843003D40FB /* social */,
			);
		};
/* End PBXProject section */

/* Begin PBXResourcesBuildPhase section */
		311BC5801F696843003D40FB /* Resources */ = {
			isa = PBXResourcesBuildPhase;
			buildActionMask = 2147483647;
			files = (
				311BC5901F696843003D40FB /* LaunchScreen.storyboard in Resources */,
				311BC5981F696A67003D40FB /* GoogleService-Info.plist in Resources */,
				311BC58D1F696843003D40FB /* Assets.xcassets in Resources */,
				311BC58B1F696843003D40FB /* Main.storyboard in Resources */,
			);
			runOnlyForDeploymentPostprocessing = 0;
		};
/* End PBXResourcesBuildPhase section */

/* Begin PBXShellScriptBuildPhase section */
		4B6217FDD7A6EE3F9DD767C6 /* [CP] Embed Pods Frameworks */ = {
			isa = PBXShellScriptBuildPhase;
			buildActionMask = 2147483647;
			files = (
			);
			inputPaths = (
			);
			name = "[CP] Embed Pods Frameworks";
			outputPaths = (
			);
			runOnlyForDeploymentPostprocessing = 0;
			shellPath = /bin/sh;
			shellScript = "\"${SRCROOT}/Pods/Target Support Files/Pods-social/Pods-social-frameworks.sh\"\n";
			showEnvVarsInLog = 0;
		};
		8BEDB50ACF7562ADE1C4EFFF /* [CP] Check Pods Manifest.lock */ = {
			isa = PBXShellScriptBuildPhase;
			buildActionMask = 2147483647;
			files = (
			);
			inputPaths = (
			);
			name = "[CP] Check Pods Manifest.lock";
			outputPaths = (
			);
			runOnlyForDeploymentPostprocessing = 0;
			shellPath = /bin/sh;
			shellScript = "diff \"${PODS_PODFILE_DIR_PATH}/Podfile.lock\" \"${PODS_ROOT}/Manifest.lock\" > /dev/null\nif [ $? != 0 ] ; then\n    # print error to STDERR\n    echo \"error: The sandbox is not in sync with the Podfile.lock. Run 'pod install' or update your CocoaPods installation.\" >&2\n    exit 1\nfi\n";
			showEnvVarsInLog = 0;
		};
		AE9892D7F39B71A5ADD1918B /* [CP] Copy Pods Resources */ = {
			isa = PBXShellScriptBuildPhase;
			buildActionMask = 2147483647;
			files = (
			);
			inputPaths = (
			);
			name = "[CP] Copy Pods Resources";
			outputPaths = (
			);
			runOnlyForDeploymentPostprocessing = 0;
			shellPath = /bin/sh;
			shellScript = "\"${SRCROOT}/Pods/Target Support Files/Pods-social/Pods-social-resources.sh\"\n";
			showEnvVarsInLog = 0;
		};
/* End PBXShellScriptBuildPhase section */

/* Begin PBXSourcesBuildPhase section */
		311BC57E1F696843003D40FB /* Sources */ = {
			isa = PBXSourcesBuildPhase;
			buildActionMask = 2147483647;
			files = (
				31698EAD1F69E95200505A9E /* FeedVC.swift in Sources */,
				311BC5881F696843003D40FB /* SignInVc.swift in Sources */,
				311BC5861F696843003D40FB /* AppDelegate.swift in Sources */,
				31698EAB1F69D43D00505A9E /* Constants.swift in Sources */,
				31698EAF1F69EF0A00505A9E /* postCell.swift in Sources */,
			);
			runOnlyForDeploymentPostprocessing = 0;
		};
/* End PBXSourcesBuildPhase section */

/* Begin PBXVariantGroup section */
		311BC5891F696843003D40FB /* Main.storyboard */ = {
			isa = PBXVariantGroup;
			children = (
				311BC58A1F696843003D40FB /* Base */,
			);
			name = Main.storyboard;
			sourceTree = "<group>";
		};
		311BC58E1F696843003D40FB /* LaunchScreen.storyboard */ = {
			isa = PBXVariantGroup;
			children = (
				311BC58F1F696843003D40FB /* Base */,
			);
			name = LaunchScreen.storyboard;
			sourceTree = "<group>";
		};
/* End PBXVariantGroup section */

/* Begin XCBuildConfiguration section */
		311BC5921F696843003D40FB /* Debug */ = {
			isa = XCBuildConfiguration;
			buildSettings = {
				ALWAYS_SEARCH_USER_PATHS = NO;
				CLANG_ANALYZER_NONNULL = YES;
				CLANG_ANALYZER_NUMBER_OBJECT_CONVERSION = YES_AGGRESSIVE;
				CLANG_CXX_LANGUAGE_STANDARD = "gnu++0x";
				CLANG_CXX_LIBRARY = "libc++";
				CLANG_ENABLE_MODULES = YES;
				CLANG_ENABLE_OBJC_ARC = YES;
				CLANG_WARN_BOOL_CONVERSION = YES;
				CLANG_WARN_CONSTANT_CONVERSION = YES;
				CLANG_WARN_DIRECT_OBJC_ISA_USAGE = YES_ERROR;
				CLANG_WARN_DOCUMENTATION_COMMENTS = YES;
				CLANG_WARN_EMPTY_BODY = YES;
				CLANG_WARN_ENUM_CONVERSION = YES;
				CLANG_WARN_INFINITE_RECURSION = YES;
				CLANG_WARN_INT_CONVERSION = YES;
				CLANG_WARN_OBJC_ROOT_CLASS = YES_ERROR;
				CLANG_WARN_SUSPICIOUS_MOVE = YES;
				CLANG_WARN_UNREACHABLE_CODE = YES;
				CLANG_WARN__DUPLICATE_METHOD_MATCH = YES;
				"CODE_SIGN_IDENTITY[sdk=iphoneos*]" = "iPhone Developer";
				COPY_PHASE_STRIP = NO;
				DEBUG_INFORMATION_FORMAT = dwarf;
				ENABLE_STRICT_OBJC_MSGSEND = YES;
				ENABLE_TESTABILITY = YES;
				GCC_C_LANGUAGE_STANDARD = gnu99;
				GCC_DYNAMIC_NO_PIC = NO;
				GCC_NO_COMMON_BLOCKS = YES;
				GCC_OPTIMIZATION_LEVEL = 0;
				GCC_PREPROCESSOR_DEFINITIONS = (
					"DEBUG=1",
					"$(inherited)",
				);
				GCC_WARN_64_TO_32_BIT_CONVERSION = YES;
				GCC_WARN_ABOUT_RETURN_TYPE = YES_ERROR;
				GCC_WARN_UNDECLARED_SELECTOR = YES;
				GCC_WARN_UNINITIALIZED_AUTOS = YES_AGGRESSIVE;
				GCC_WARN_UNUSED_FUNCTION = YES;
				GCC_WARN_UNUSED_VARIABLE = YES;
				IPHONEOS_DEPLOYMENT_TARGET = 10.3;
				MTL_ENABLE_DEBUG_INFO = YES;
				ONLY_ACTIVE_ARCH = YES;
				SDKROOT = iphoneos;
				SWIFT_ACTIVE_COMPILATION_CONDITIONS = DEBUG;
				SWIFT_OPTIMIZATION_LEVEL = "-Onone";
			};
			name = Debug;
		};
		311BC5931F696843003D40FB /* Release */ = {
			isa = XCBuildConfiguration;
			buildSettings = {
				ALWAYS_SEARCH_USER_PATHS = NO;
				CLANG_ANALYZER_NONNULL = YES;
				CLANG_ANALYZER_NUMBER_OBJECT_CONVERSION = YES_AGGRESSIVE;
				CLANG_CXX_LANGUAGE_STANDARD = "gnu++0x";
				CLANG_CXX_LIBRARY = "libc++";
				CLANG_ENABLE_MODULES = YES;
				CLANG_ENABLE_OBJC_ARC = YES;
				CLANG_WARN_BOOL_CONVERSION = YES;
				CLANG_WARN_CONSTANT_CONVERSION = YES;
				CLANG_WARN_DIRECT_OBJC_ISA_USAGE = YES_ERROR;
				CLANG_WARN_DOCUMENTATION_COMMENTS = YES;
				CLANG_WARN_EMPTY_BODY = YES;
				CLANG_WARN_ENUM_CONVERSION = YES;
				CLANG_WARN_INFINITE_RECURSION = YES;
				CLANG_WARN_INT_CONVERSION = YES;
				CLANG_WARN_OBJC_ROOT_CLASS = YES_ERROR;
				CLANG_WARN_SUSPICIOUS_MOVE = YES;
				CLANG_WARN_UNREACHABLE_CODE = YES;
				CLANG_WARN__DUPLICATE_METHOD_MATCH = YES;
				"CODE_SIGN_IDENTITY[sdk=iphoneos*]" = "iPhone Developer";
				COPY_PHASE_STRIP = NO;
				DEBUG_INFORMATION_FORMAT = "dwarf-with-dsym";
				ENABLE_NS_ASSERTIONS = NO;
				ENABLE_STRICT_OBJC_MSGSEND = YES;
				GCC_C_LANGUAGE_STANDARD = gnu99;
				GCC_NO_COMMON_BLOCKS = YES;
				GCC_WARN_64_TO_32_BIT_CONVERSION = YES;
				GCC_WARN_ABOUT_RETURN_TYPE = YES_ERROR;
				GCC_WARN_UNDECLARED_SELECTOR = YES;
				GCC_WARN_UNINITIALIZED_AUTOS = YES_AGGRESSIVE;
				GCC_WARN_UNUSED_FUNCTION = YES;
				GCC_WARN_UNUSED_VARIABLE = YES;
				IPHONEOS_DEPLOYMENT_TARGET = 10.3;
				MTL_ENABLE_DEBUG_INFO = NO;
				SDKROOT = iphoneos;
				SWIFT_OPTIMIZATION_LEVEL = "-Owholemodule";
				VALIDATE_PRODUCT = YES;
			};
			name = Release;
		};
		311BC5951F696843003D40FB /* Debug */ = {
			isa = XCBuildConfiguration;
			baseConfigurationReference = 15E60078AE5AC8AAF39E7743 /* Pods-social.debug.xcconfig */;
			buildSettings = {
				ASSETCATALOG_COMPILER_APPICON_NAME = AppIcon;
				CODE_SIGN_ENTITLEMENTS = social/social.entitlements;
				"CODE_SIGN_IDENTITY[sdk=iphoneos*]" = "iPhone Developer";
				DEVELOPMENT_TEAM = UKYWR4SYJL;
				INFOPLIST_FILE = social/Info.plist;
				IPHONEOS_DEPLOYMENT_TARGET = 10.0;
				LD_RUNPATH_SEARCH_PATHS = "$(inherited) @executable_path/Frameworks";
				PRODUCT_BUNDLE_IDENTIFIER = com.CR.social;
				PRODUCT_NAME = "$(TARGET_NAME)";
				PROVISIONING_PROFILE_SPECIFIER = "";
				SWIFT_VERSION = 3.0;
			};
			name = Debug;
		};
		311BC5961F696843003D40FB /* Release */ = {
			isa = XCBuildConfiguration;
			baseConfigurationReference = E89323B44A96245C1A297EEA /* Pods-social.release.xcconfig */;
			buildSettings = {
				ASSETCATALOG_COMPILER_APPICON_NAME = AppIcon;
				CODE_SIGN_ENTITLEMENTS = social/social.entitlements;
				"CODE_SIGN_IDENTITY[sdk=iphoneos*]" = "iPhone Developer";
				DEVELOPMENT_TEAM = UKYWR4SYJL;
				INFOPLIST_FILE = social/Info.plist;
				IPHONEOS_DEPLOYMENT_TARGET = 10.0;
				LD_RUNPATH_SEARCH_PATHS = "$(inherited) @executable_path/Frameworks";
				PRODUCT_BUNDLE_IDENTIFIER = com.CR.social;
				PRODUCT_NAME = "$(TARGET_NAME)";
				PROVISIONING_PROFILE_SPECIFIER = "";
				SWIFT_VERSION = 3.0;
			};
			name = Release;
		};
/* End XCBuildConfiguration section */

/* Begin XCConfigurationList section */
		311BC57D1F696843003D40FB /* Build configuration list for PBXProject "social" */ = {
			isa = XCConfigurationList;
			buildConfigurations = (
				311BC5921F696843003D40FB /* Debug */,
				311BC5931F696843003D40FB /* Release */,
			);
			defaultConfigurationIsVisible = 0;
			defaultConfigurationName = Release;
		};
		311BC5941F696843003D40FB /* Build configuration list for PBXNativeTarget "social" */ = {
			isa = XCConfigurationList;
			buildConfigurations = (
				311BC5951F696843003D40FB /* Debug */,
				311BC5961F696843003D40FB /* Release */,
			);
			defaultConfigurationIsVisible = 0;
			defaultConfigurationName = Release;
		};
/* End XCConfigurationList section */
	};
	rootObject = 311BC57A1F696843003D40FB /* Project object */;
}
